
Microsoft Visual Studio Solution File, Format Version 12.00
# Visual Studio Version 16
VisualStudioVersion = 16.0.29905.134
MinimumVisualStudioVersion = 10.0.40219.1
Project("{9A19103F-16F7-4668-BE54-9A1E7A4F7556}") = "LAS", "LAS\LAS.csproj", "{94881B66-D10C-49F6-B84F-ABE6D8C3A23E}"
EndProject
Project("{9A19103F-16F7-4668-BE54-9A1E7A4F7556}") = "WellLog.Lib", "WellLog.Lib\WellLog.Lib.csproj", "{12476697-26F4-4229-8FF8-C59DDE06FCD8}"
EndProject
Project("{9A19103F-16F7-4668-BE54-9A1E7A4F7556}") = "WellLog.Lib.Test", "WellLog.Lib.Test\WellLog.Lib.Test.csproj", "{EDA5A4EE-BD59-41B3-B18D-7B06D572531A}"
EndProject
Project("{FAE04EC0-301F-11D3-BF4B-00C04F79EFBC}") = "DLIS", "DLIS\DLIS.csproj", "{7113AB20-3164-4D03-BDD7-4056CD705DBD}"
EndProject
Global
	GlobalSection(SolutionConfigurationPlatforms) = preSolution
		Debug|Any CPU = Debug|Any CPU
		Release|Any CPU = Release|Any CPU
	EndGlobalSection
	GlobalSection(ProjectConfigurationPlatforms) = postSolution
		{94881B66-D10C-49F6-B84F-ABE6D8C3A23E}.Debug|Any CPU.ActiveCfg = Debug|Any CPU
		{94881B66-D10C-49F6-B84F-ABE6D8C3A23E}.Debug|Any CPU.Build.0 = Debug|Any CPU
		{94881B66-D10C-49F6-B84F-ABE6D8C3A23E}.Release|Any CPU.ActiveCfg = Release|Any CPU
		{94881B66-D10C-49F6-B84F-ABE6D8C3A23E}.Release|Any CPU.Build.0 = Release|Any CPU
		{12476697-26F4-4229-8FF8-C59DDE06FCD8}.Debug|Any CPU.ActiveCfg = Debug|Any CPU
		{12476697-26F4-4229-8FF8-C59DDE06FCD8}.Debug|Any CPU.Build.0 = Debug|Any CPU
		{12476697-26F4-4229-8FF8-C59DDE06FCD8}.Release|Any CPU.ActiveCfg = Release|Any CPU
		{12476697-26F4-4229-8FF8-C59DDE06FCD8}.Release|Any CPU.Build.0 = Release|Any CPU
		{EDA5A4EE-BD59-41B3-B18D-7B06D572531A}.Debug|Any CPU.ActiveCfg = Debug|Any CPU
		{EDA5A4EE-BD59-41B3-B18D-7B06D572531A}.Debug|Any CPU.Build.0 = Debug|Any CPU
		{EDA5A4EE-BD59-41B3-B18D-7B06D572531A}.Release|Any CPU.ActiveCfg = Release|Any CPU
		{EDA5A4EE-BD59-41B3-B18D-7B06D572531A}.Release|Any CPU.Build.0 = Release|Any CPU
		{7113AB20-3164-4D03-BDD7-4056CD705DBD}.Debug|Any CPU.ActiveCfg = Debug|Any CPU
		{7113AB20-3164-4D03-BDD7-4056CD705DBD}.Debug|Any CPU.Build.0 = Debug|Any CPU
		{7113AB20-3164-4D03-BDD7-4056CD705DBD}.Release|Any CPU.ActiveCfg = Release|Any CPU
		{7113AB20-3164-4D03-BDD7-4056CD705DBD}.Release|Any CPU.Build.0 = Release|Any CPU
	EndGlobalSection
	GlobalSection(SolutionProperties) = preSolution
		HideSolutionNode = FALSE
	EndGlobalSection
	GlobalSection(ExtensibilityGlobals) = postSolution
		SolutionGuid = {7D05BD37-CD6F-466D-9E15-71BE9B4B81DA}
	EndGlobalSection
EndGlobal
